{
    "_readme": [
        "This file locks the dependencies of your project to a known state",
        "Read more about it at https://getcomposer.org/doc/01-basic-usage.md#installing-dependencies",
        "This file is @generated automatically"
    ],
    "content-hash": "d01a80f7385b13b6e543e0a468168ff8",
    "packages": [
        {
            "name": "anovsiradj/skit",
            "version": "dev-master",
            "dist": {
                "type": "path",
                "url": "../php-skit",
                "reference": "b3e1f20655ed9c60aa5b5c8907beddc28fedefbe"
            },
            "require": {
                "php": ">=7.4"
            },
            "require-dev": {
                "fakerphp/faker": "@dev",
                "phpoffice/phpspreadsheet": "~1",
                "symfony/dotenv": "@stable",
                "symfony/var-dumper": "@stable"
            },
            "suggest": {
                "ext-curl": "Dibutuhkan untuk src/CURL.php dan contoh di tests/curl/.",
                "ext-gd": "Dibutuhkan untuk src/functs/ico.php (imageico + mode CLI).",
                "ext-intl": "Opsional untuk helper internationalization (src/helpers/IntlHelper.php).",
                "fakerphp/faker": "Opsional untuk menjalankan contoh data dummy di tests/spreadsheet/create.php.",
                "phpoffice/phpspreadsheet": "Opsional untuk modul spreadsheet (src/spreadsheet/* dan tests/spreadsheet/*).",
                "symfony/var-dumper": "Opsional untuk fungsi dump()/dd() pada contoh/tests."
            },
            "type": "library",
            "autoload": {
                "psr-4": {
                    "anovsiradj\\skit\\": "./src"
                }
            },
            "scripts": {
                "test": [
                    "php tests/run.php"
                ]
            },
            "license": [
                "MIT"
            ],
            "authors": [
                {
                    "name": "anovsiradj",
                    "email": "anov.siradj22@gmail.com"
                }
            ],
            "description": "SKit (SimpleKit) for KISS (Keep It Simple, Stupid!)",
            "transport-options": {
                "symlink": true,
                "relative": true
            }
        },
        {
            "name": "anovsiradj/web-skit",
            "version": "dev-master",
            "dist": {
                "type": "path",
                "url": "../web-skit",
                "reference": "d55d97da5805a5082daf219df9293c738721d98c"
            },
            "require-dev": {
                "anovsiradj/cutter": "@dev",
                "fakerphp/faker": "^1.24",
                "npm-asset/datatables.net": "~1",
                "npm-asset/datatables.net-bs5": "~1",
                "npm-asset/jquery": "~3",
                "npm-asset/jquery-ui": "~1",
                "npm-asset/select2": "~4",
                "npm-asset/select2-bootstrap-5-theme": "@dev",
                "npm-asset/tabler--core": "~1",
                "symfony/var-dumper": "@stable",
                "twbs/bootstrap": "~5",
                "twbs/bootstrap-icons": "~1",
                "yiisoft/arrays": "@dev",
                "yiisoft/strings": "@dev"
            },
            "type": "library",
            "license": [
                "MIT"
            ],
            "authors": [
                {
                    "name": "anovsiradj",
                    "email": "anov.siradj22@gmail.com"
                }
            ],
            "transport-options": {
                "symlink": true,
                "relative": true
            }
        },
        {
            "name": "anovsiradj/wiet",
            "version": "dev-master",
            "dist": {
                "type": "path",
                "url": "../wiet",
                "reference": "a41dc461732ee61a209dc8a16e723754e86e69c4"
            },
            "type": "library",
            "license": [
                "MIT"
            ],
            "authors": [
                {
                    "name": "anovsiradj",
                    "email": "anov.siradj22@gmail.com"
                }
            ],
            "transport-options": {
                "symlink": true,
                "relative": true
            }
        },
        {
            "name": "symfony/polyfill-mbstring",
            "version": "v1.38.2",
            "source": {
                "type": "git",
                "url": "https://github.com/symfony/polyfill-mbstring.git",
                "reference": "d3d318bad5e7a1bfbd026009c8bfb8d8f99ae6b6"
            },
            "dist": {
                "type": "zip",
                "url": "https://api.github.com/repos/symfony/polyfill-mbstring/zipball/d3d318bad5e7a1bfbd026009c8bfb8d8f99ae6b6",
                "reference": "d3d318bad5e7a1bfbd026009c8bfb8d8f99ae6b6",
                "shasum": ""
            },
            "require": {
                "ext-iconv": "*",
                "php": ">=7.2"
            },
            "provide": {
                "ext-mbstring": "*"
            },
            "suggest": {
                "ext-mbstring": "For best performance"
            },
            "type": "library",
            "extra": {
                "thanks": {
                    "url": "https://github.com/symfony/polyfill",
                    "name": "symfony/polyfill"
                }
            },
            "autoload": {
                "files": [
                    "bootstrap.php"
                ],
                "psr-4": {
                    "Symfony\\Polyfill\\Mbstring\\": ""
                }
            },
            "notification-url": "https://packagist.org/downloads/",
            "license": [
                "MIT"
            ],
            "authors": [
                {
                    "name": "Nicolas Grekas",
                    "email": "p@tchwork.com"
                },
                {
                    "name": "Symfony Community",
                    "homepage": "https://symfony.com/contributors"
                }
            ],
            "description": "Symfony polyfill for the Mbstring extension",
            "homepage": "https://symfony.com",
            "keywords": [
                "compatibility",
                "mbstring",
                "polyfill",
                "portable",
                "shim"
            ],
            "support": {
                "source": "https://github.com/symfony/polyfill-mbstring/tree/v1.38.2"
            },
            "funding": [
                {
                    "url": "https://symfony.com/sponsor",
                    "type": "custom"
                },
                {
                    "url": "https://github.com/fabpot",
                    "type": "github"
                },
                {
                    "url": "https://github.com/nicolas-grekas",
                    "type": "github"
                },
                {
                    "url": "https://tidelift.com/funding/github/packagist/symfony/symfony",
                    "type": "tidelift"
                }
            ],
            "time": "2026-05-27T06:59:30+00:00"
        },
        {
            "name": "symfony/polyfill-php80",
            "version": "v1.37.0",
            "source": {
                "type": "git",
                "url": "https://github.com/symfony/polyfill-php80.git",
                "reference": "dfb55726c3a76ea3b6459fcfda1ec2d80a682411"
            },
            "dist": {
                "type": "zip",
                "url": "https://api.github.com/repos/symfony/polyfill-php80/zipball/dfb55726c3a76ea3b6459fcfda1ec2d80a682411",
                "reference": "dfb55726c3a76ea3b6459fcfda1ec2d80a682411",
                "shasum": ""
            },
            "require": {
                "php": ">=7.2"
            },
            "type": "library",
            "extra": {
                "thanks": {
                    "url": "https://github.com/symfony/polyfill",
                    "name": "symfony/polyfill"
                }
            },
            "autoload": {
                "files": [
                    "bootstrap.php"
                ],
                "psr-4": {
                    "Symfony\\Polyfill\\Php80\\": ""
                },
                "classmap": [
                    "Resources/stubs"
                ]
            },
            "notification-url": "https://packagist.org/downloads/",
            "license": [
                "MIT"
            ],
            "authors": [
                {
                    "name": "Ion Bazan",
                    "email": "ion.bazan@gmail.com"
                },
                {
                    "name": "Nicolas Grekas",
                    "email": "p@tchwork.com"
                },
                {
                    "name": "Symfony Community",
                    "homepage": "https://symfony.com/contributors"
                }
            ],
            "description": "Symfony polyfill backporting some PHP 8.0+ features to lower PHP versions",
            "homepage": "https://symfony.com",
            "keywords": [
                "compatibility",
                "polyfill",
                "portable",
                "shim"
            ],
            "support": {
                "source": "https://github.com/symfony/polyfill-php80/tree/v1.37.0"
            },
            "funding": [
                {
                    "url": "https://symfony.com/sponsor",
                    "type": "custom"
                },
                {
                    "url": "https://github.com/fabpot",
                    "type": "github"
                },
                {
                    "url": "https://github.com/nicolas-grekas",
                    "type": "github"
                },
                {
                    "url": "https://tidelift.com/funding/github/packagist/symfony/symfony",
                    "type": "tidelift"
                }
            ],
            "time": "2026-04-10T16:19:22+00:00"
        },
        {
            "name": "symfony/var-dumper",
            "version": "v5.4.48",
            "source": {
                "type": "git",
                "url": "https://github.com/symfony/var-dumper.git",
                "reference": "42f18f170aa86d612c3559cfb3bd11a375df32c8"
            },
            "dist": {
                "type": "zip",
                "url": "https://api.github.com/repos/symfony/var-dumper/zipball/42f18f170aa86d612c3559cfb3bd11a375df32c8",
                "reference": "42f18f170aa86d612c3559cfb3bd11a375df32c8",
                "shasum": ""
            },
            "require": {
                "php": ">=7.2.5",
                "symfony/polyfill-mbstring": "~1.0",
                "symfony/polyfill-php80": "^1.16"
            },
            "conflict": {
                "symfony/console": "<4.4"
            },
            "require-dev": {
                "ext-iconv": "*",
                "symfony/console": "^4.4|^5.0|^6.0",
                "symfony/http-kernel": "^4.4|^5.0|^6.0",
                "symfony/process": "^4.4|^5.0|^6.0",
                "symfony/uid": "^5.1|^6.0",
                "twig/twig": "^2.13|^3.0.4"
            },
            "suggest": {
                "ext-iconv": "To convert non-UTF-8 strings to UTF-8 (or symfony/polyfill-iconv in case ext-iconv cannot be used).",
                "ext-intl": "To show region name in time zone dump",
                "symfony/console": "To use the ServerDumpCommand and/or the bin/var-dump-server script"
            },
            "bin": [
                "Resources/bin/var-dump-server"
            ],
            "type": "library",
            "autoload": {
                "files": [
                    "Resources/functions/dump.php"
                ],
                "psr-4": {
                    "Symfony\\Component\\VarDumper\\": ""
                },
                "exclude-from-classmap": [
                    "/Tests/"
                ]
            },
            "notification-url": "https://packagist.org/downloads/",
            "license": [
                "MIT"
            ],
            "authors": [
                {
                    "name": "Nicolas Grekas",
                    "email": "p@tchwork.com"
                },
                {
                    "name": "Symfony Community",
                    "homepage": "https://symfony.com/contributors"
                }
            ],
            "description": "Provides mechanisms for walking through any arbitrary PHP variable",
            "homepage": "https://symfony.com",
            "keywords": [
                "debug",
                "dump"
            ],
            "support": {
                "source": "https://github.com/symfony/var-dumper/tree/v5.4.48"
            },
            "funding": [
                {
                    "url": "https://symfony.com/sponsor",
                    "type": "custom"
                },
                {
                    "url": "https://github.com/fabpot",
                    "type": "github"
                },
                {
                    "url": "https://tidelift.com/funding/github/packagist/symfony/symfony",
                    "type": "tidelift"
                }
            ],
            "time": "2024-11-08T15:21:10+00:00"
        },
        {
            "name": "yiisoft/arrays",
            "version": "3.2.1",
            "source": {
                "type": "git",
                "url": "https://github.com/yiisoft/arrays.git",
                "reference": "8efada90e4fd540b3da476779bc1b7bd9319b62f"
            },
            "dist": {
                "type": "zip",
                "url": "https://api.github.com/repos/yiisoft/arrays/zipball/8efada90e4fd540b3da476779bc1b7bd9319b62f",
                "reference": "8efada90e4fd540b3da476779bc1b7bd9319b62f",
                "shasum": ""
            },
            "require": {
                "php": "8.1 - 8.5",
                "yiisoft/strings": "^2.6"
            },
            "require-dev": {
                "bamarni/composer-bin-plugin": "^1.8.2",
                "phpbench/phpbench": "^1.4.1",
                "phpunit/phpunit": "^10.5.48",
                "rector/rector": "^2.1.2",
                "spatie/phpunit-watcher": "^1.24"
            },
            "type": "library",
            "extra": {
                "bamarni-bin": {
                    "bin-links": true,
                    "forward-command": true,
                    "target-directory": "tools"
                }
            },
            "autoload": {
                "psr-4": {
                    "Yiisoft\\Arrays\\": "src"
                }
            },
            "notification-url": "https://packagist.org/downloads/",
            "license": [
                "BSD-3-Clause"
            ],
            "description": "Yii Array Helper",
            "homepage": "https://www.yiiframework.com/",
            "keywords": [
                "array",
                "helper",
                "yii"
            ],
            "support": {
                "chat": "https://t.me/yii3en",
                "forum": "https://forum.yiiframework.com/",
                "irc": "ircs://irc.libera.chat:6697/yii",
                "issues": "https://github.com/yiisoft/arrays/issues?state=open",
                "source": "https://github.com/yiisoft/arrays",
                "wiki": "https://www.yiiframework.com/wiki/"
            },
            "funding": [
                {
                    "url": "https://github.com/sponsors/yiisoft",
                    "type": "github"
                },
                {
                    "url": "https://opencollective.com/yiisoft",
                    "type": "opencollective"
                }
            ],
            "time": "2025-11-26T12:25:21+00:00"
        },
        {
            "name": "yiisoft/strings",
            "version": "2.7.0",
            "source": {
                "type": "git",
                "url": "https://github.com/yiisoft/strings.git",
                "reference": "9bc7fea56374619cccd4587848029fe97f98bb33"
            },
            "dist": {
                "type": "zip",
                "url": "https://api.github.com/repos/yiisoft/strings/zipball/9bc7fea56374619cccd4587848029fe97f98bb33",
                "reference": "9bc7fea56374619cccd4587848029fe97f98bb33",
                "shasum": ""
            },
            "require": {
                "ext-mbstring": "*",
                "php": "8.1 - 8.5"
            },
            "require-dev": {
                "bamarni/composer-bin-plugin": "^1.8.2",
                "maglnet/composer-require-checker": "^4.7.1",
                "phpbench/phpbench": "^1.4.1",
                "phpunit/phpunit": "^10.5.48",
                "rector/rector": "^2.1.2",
                "spatie/phpunit-watcher": "^1.24"
            },
            "type": "library",
            "extra": {
                "bamarni-bin": {
                    "bin-links": true,
                    "forward-command": true,
                    "target-directory": "tools"
                }
            },
            "autoload": {
                "psr-4": {
                    "Yiisoft\\Strings\\": "src"
                }
            },
            "notification-url": "https://packagist.org/downloads/",
            "license": [
                "BSD-3-Clause"
            ],
            "description": "Yii Strings Helper",
            "homepage": "https://www.yiiframework.com/",
            "keywords": [
                "helper",
                "string",
                "yii"
            ],
            "support": {
                "chat": "https://t.me/yii3en",
                "forum": "https://www.yiiframework.com/forum/",
                "irc": "ircs://irc.libera.chat:6697/yii",
                "issues": "https://github.com/yiisoft/strings/issues?state=open",
                "source": "https://github.com/yiisoft/strings",
                "wiki": "https://www.yiiframework.com/wiki/"
            },
            "funding": [
                {
                    "url": "https://github.com/sponsors/yiisoft",
                    "type": "github"
                },
                {
                    "url": "https://opencollective.com/yiisoft",
                    "type": "opencollective"
                }
            ],
            "time": "2025-11-23T18:00:58+00:00"
        }
    ],
    "packages-dev": [],
    "aliases": [],
    "minimum-stability": "dev",
    "stability-flags": {
        "anovsiradj/skit": 20,
        "anovsiradj/web-skit": 20,
        "anovsiradj/wiet": 20,
        "yiisoft/arrays": 20
    },
    "prefer-stable": true,
    "prefer-lowest": false,
    "platform": {
        "php": ">=8.1"
    },
    "platform-dev": {},
    "plugin-api-version": "2.9.0"
}
